// !$*UTF8*$!
{
	archiveVersion = 1;
	classes = {
	};
	objectVersion = 55;
	objects = {

/* Begin PBXBuildFile section */
		239B46EE2733CDBF002FB120 /* Firebase_Auth_DemoApp.swift in Sources */ = {isa = PBXBuildFile; fileRef = 239B46ED2733CDBF002FB120 /* Firebase_Auth_DemoApp.swift */; };
		239B46F02733CDBF002FB120 /* ContentView.swift in Sources */ = {isa = PBXBuildFile; fileRef = 239B46EF2733CDBF002FB120 /* ContentView.swift */; };
		239B46F22733CDC0002FB120 /* Assets.xcassets in Resources */ = {isa = PBXBuildFile; fileRef = 239B46F12733CDC0002FB120 /* Assets.xcassets */; };
		239B46F52733CDC0002FB120 /* Preview Assets.xcassets in Resources */ = {isa = PBXBuildFile; fileRef = 239B46F42733CDC0002FB120 /* Preview Assets.xcassets */; };
		239B46FC2733D79D002FB120 /* GoogleService-Info.plist in Resources */ = {isa = PBXBuildFile; fileRef = 239B46FB2733D79D002FB120 /* GoogleService-Info.plist */; };
		239B47002733E6DA002FB120 /* LaunchView.swift in Sources */ = {isa = PBXBuildFile; fileRef = 239B46FF2733E6DA002FB120 /* LaunchView.swift */; };
		239B47022733F847002FB120 /* LoginForm.swift in Sources */ = {isa = PBXBuildFile; fileRef = 239B47012733F847002FB120 /* LoginForm.swift */; };
		239B470427340E21002FB120 /* CreateAccountForm.swift in Sources */ = {isa = PBXBuildFile; fileRef = 239B470327340E21002FB120 /* CreateAccountForm.swift */; };
		52C6305532F7CEB57DB2C457 /* Pods_Firebase_Auth_Demo.framework in Frameworks */ = {isa = PBXBuildFile; fileRef = 2C6EDA9004E4761AEF3E9A71 /* Pods_Firebase_Auth_Demo.framework */; };
/* End PBXBuildFile section */

/* Begin PBXFileReference section */
		239B46EA2733CDBF002FB120 /* Firebase Auth Demo.app */ = {isa = PBXFileReference; explicitFileType = wrapper.application; includeInIndex = 0; path = "Firebase Auth Demo.app"; sourceTree = BUILT_PRODUCTS_DIR; };
		239B46ED2733CDBF002FB120 /* Firebase_Auth_DemoApp.swift */ = {isa = PBXFileReference; lastKnownFileType = sourcecode.swift; path = Firebase_Auth_DemoApp.swift; sourceTree = "<group>"; };
		239B46EF2733CDBF002FB120 /* ContentView.swift */ = {isa = PBXFileReference; lastKnownFileType = sourcecode.swift; path = ContentView.swift; sourceTree = "<group>"; };
		239B46F12733CDC0002FB120 /* Assets.xcassets */ = {isa = PBXFileReference; lastKnownFileType = folder.assetcatalog; path = Assets.xcassets; sourceTree = "<group>"; };
		239B46F42733CDC0002FB120 /* Preview Assets.xcassets */ = {isa = PBXFileReference; lastKnownFileType = folder.assetcatalog; path = "Preview Assets.xcassets"; sourceTree = "<group>"; };
		239B46FB2733D79D002FB120 /* GoogleService-Info.plist */ = {isa = PBXFileReference; fileEncoding = 4; lastKnownFileType = text.plist.xml; path = "GoogleService-Info.plist"; sourceTree = "<group>"; };
		239B46FF2733E6DA002FB120 /* LaunchView.swift */ = {isa = PBXFileReference; lastKnownFileType = sourcecode.swift; path = LaunchView.swift; sourceTree = "<group>"; };
		239B47012733F847002FB120 /* LoginForm.swift */ = {isa = PBXFileReference; lastKnownFileType = sourcecode.swift; path = LoginForm.swift; sourceTree = "<group>"; };
		239B470327340E21002FB120 /* CreateAccountForm.swift */ = {isa = PBXFileReference; lastKnownFileType = sourcecode.swift; path = CreateAccountForm.swift; sourceTree = "<group>"; };
		2C6EDA9004E4761AEF3E9A71 /* Pods_Firebase_Auth_Demo.framework */ = {isa = PBXFileReference; explicitFileType = wrapper.framework; includeInIndex = 0; path = Pods_Firebase_Auth_Demo.framework; sourceTree = BUILT_PRODUCTS_DIR; };
		8EB36B3B8A2CB2C8B46D5E73 /* Pods-Firebase Auth Demo.release.xcconfig */ = {isa = PBXFileReference; includeInIndex = 1; lastKnownFileType = text.xcconfig; name = "Pods-Firebase Auth Demo.release.xcconfig"; path = "Target Support Files/Pods-Firebase Auth Demo/Pods-Firebase Auth Demo.release.xcconfig"; sourceTree = "<group>"; };
		FB99C0E7CE89107437E68545 /* Pods-Firebase Auth Demo.debug.xcconfig */ = {isa = PBXFileReference; includeInIndex = 1; lastKnownFileType = text.xcconfig; name = "Pods-Firebase Auth Demo.debug.xcconfig"; path = "Target Support Files/Pods-Firebase Auth Demo/Pods-Firebase Auth Demo.debug.xcconfig"; sourceTree = "<group>"; };
/* End PBXFileReference section */

/* Begin PBXFrameworksBuildPhase section */
		239B46E72733CDBF002FB120 /* Frameworks */ = {
			isa = PBXFrameworksBuildPhase;
			buildActionMask = 2147483647;
			files = (
				52C6305532F7CEB57DB2C457 /* Pods_Firebase_Auth_Demo.framework in Frameworks */,
			);
			runOnlyForDeploymentPostprocessing = 0;
		};
/* End PBXFrameworksBuildPhase section */

/* Begin PBXGroup section */
		239B46E12733CDBF002FB120 = {
			isa = PBXGroup;
			children = (
				239B46EC2733CDBF002FB120 /* Firebase Auth Demo */,
				239B46EB2733CDBF002FB120 /* Products */,
				95204E04F20CFAE1E7EA673C /* Pods */,
				7392F671E46628CD2FEC26C3 /* Frameworks */,
			);
			sourceTree = "<group>";
		};
		239B46EB2733CDBF002FB120 /* Products */ = {
			isa = PBXGroup;
			children = (
				239B46EA2733CDBF002FB120 /* Firebase Auth Demo.app */,
			);
			name = Products;
			sourceTree = "<group>";
		};
		239B46EC2733CDBF002FB120 /* Firebase Auth Demo */ = {
			isa = PBXGroup;
			children = (
				239B46ED2733CDBF002FB120 /* Firebase_Auth_DemoApp.swift */,
				239B46FF2733E6DA002FB120 /* LaunchView.swift */,
				239B46EF2733CDBF002FB120 /* ContentView.swift */,
				239B47012733F847002FB120 /* LoginForm.swift */,
				239B470327340E21002FB120 /* CreateAccountForm.swift */,
				239B46FB2733D79D002FB120 /* GoogleService-Info.plist */,
				239B46F12733CDC0002FB120 /* Assets.xcassets */,
				239B46F32733CDC0002FB120 /* Preview Content */,
			);
			path = "Firebase Auth Demo";
			sourceTree = "<group>";
		};
		239B46F32733CDC0002FB120 /* Preview Content */ = {
			isa = PBXGroup;
			children = (
				239B46F42733CDC0002FB120 /* Preview Assets.xcassets */,
			);
			path = "Preview Content";
			sourceTree = "<group>";
		};
		7392F671E46628CD2FEC26C3 /* Frameworks */ = {
			isa = PBXGroup;
			children = (
				2C6EDA9004E4761AEF3E9A71 /* Pods_Firebase_Auth_Demo.framework */,
			);
			name = Frameworks;
			sourceTree = "<group>";
		};
		95204E04F20CFAE1E7EA673C /* Pods */ = {
			isa = PBXGroup;
			children = (
				FB99C0E7CE89107437E68545 /* Pods-Firebase Auth Demo.debug.xcconfig */,
				8EB36B3B8A2CB2C8B46D5E73 /* Pods-Firebase Auth Demo.release.xcconfig */,
			);
			path = Pods;
			sourceTree = "<group>";
		};
/* End PBXGroup section */

/* Begin PBXNativeTarget section */
		239B46E92733CDBF002FB120 /* Firebase Auth Demo */ = {
			isa = PBXNativeTarget;
			buildConfigurationList = 239B46F82733CDC0002FB120 /* Build configuration list for PBXNativeTarget "Firebase Auth Demo" */;
			buildPhases = (
				BD8C5641FEDB86CA440BDDDD /* [CP] Check Pods Manifest.lock */,
				239B46E62733CDBF002FB120 /* Sources */,
				239B46E72733CDBF002FB120 /* Frameworks */,
				239B46E82733CDBF002FB120 /* Resources */,
				643F49D8929A671814F8AE23 /* [CP] Embed Pods Frameworks */,
			);
			buildRules = (
			);
			dependencies = (
			);
			name = "Firebase Auth Demo";
			productName = "Firebase Auth Demo";
			productReference = 239B46EA2733CDBF002FB120 /* Firebase Auth Demo.app */;
			productType = "com.apple.product-type.application";
		};
/* End PBXNativeTarget section */

/* Begin PBXProject section */
		239B46E22733CDBF002FB120 /* Project object */ = {
			isa = PBXProject;
			attributes = {
				BuildIndependentTargetsInParallel = 1;
				LastSwiftUpdateCheck = 1310;
				LastUpgradeCheck = 1310;
				TargetAttributes = {
					239B46E92733CDBF002FB120 = {
						CreatedOnToolsVersion = 13.1;
					};
				};
			};
			buildConfigurationList = 239B46E52733CDBF002FB120 /* Build configuration list for PBXProject "Firebase Auth Demo" */;
			compatibilityVersion = "Xcode 13.0";
			developmentRegion = en;
			hasScannedForEncodings = 0;
			knownRegions = (
				en,
				Base,
			);
			mainGroup = 239B46E12733CDBF002FB120;
			productRefGroup = 239B46EB2733CDBF002FB120 /* Products */;
			projectDirPath = "";
			projectRoot = "";
			targets = (
				239B46E92733CDBF002FB120 /* Firebase Auth Demo */,
			);
		};
/* End PBXProject section */

/* Begin PBXResourcesBuildPhase section */
		239B46E82733CDBF002FB120 /* Resources */ = {
			isa = PBXResourcesBuildPhase;
			buildActionMask = 2147483647;
			files = (
				239B46F52733CDC0002FB120 /* Preview Assets.xcassets in Resources */,
				239B46F22733CDC0002FB120 /* Assets.xcassets in Resources */,
				239B46FC2733D79D002FB120 /* GoogleService-Info.plist in Resources */,
			);
			runOnlyForDeploymentPostprocessing = 0;
		};
/* End PBXResourcesBuildPhase section */

/* Begin PBXShellScriptBuildPhase section */
		643F49D8929A671814F8AE23 /* [CP] Embed Pods Frameworks */ = {
			isa = PBXShellScriptBuildPhase;
			buildActionMask = 2147483647;
			files = (
			);
			inputFileListPaths = (
				"${PODS_ROOT}/Target Support Files/Pods-Firebase Auth Demo/Pods-Firebase Auth Demo-frameworks-${CONFIGURATION}-input-files.xcfilelist",
			);
			name = "[CP] Embed Pods Frameworks";
			outputFileListPaths = (
				"${PODS_ROOT}/Target Support Files/Pods-Firebase Auth Demo/Pods-Firebase Auth Demo-frameworks-${CONFIGURATION}-output-files.xcfilelist",
			);
			runOnlyForDeploymentPostprocessing = 0;
			shellPath = /bin/sh;
			shellScript = "\"${PODS_ROOT}/Target Support Files/Pods-Firebase Auth Demo/Pods-Firebase Auth Demo-frameworks.sh\"\n";
			showEnvVarsInLog = 0;
		};
		BD8C5641FEDB86CA440BDDDD /* [CP] Check Pods Manifest.lock */ = {
			isa = PBXShellScriptBuildPhase;
			buildActionMask = 2147483647;
			files = (
			);
			inputFileListPaths = (
			);
			inputPaths = (
				"${PODS_PODFILE_DIR_PATH}/Podfile.lock",
				"${PODS_ROOT}/Manifest.lock",
			);
			name = "[CP] Check Pods Manifest.lock";
			outputFileListPaths = (
			);
			outputPaths = (
				"$(DERIVED_FILE_DIR)/Pods-Firebase Auth Demo-checkManifestLockResult.txt",
			);
			runOnlyForDeploymentPostprocessing = 0;
			shellPath = /bin/sh;
			shellScript = "diff \"${PODS_PODFILE_DIR_PATH}/Podfile.lock\" \"${PODS_ROOT}/Manifest.lock\" > /dev/null\nif [ $? != 0 ] ; then\n    # print error to STDERR\n    echo \"error: The sandbox is not in sync with the Podfile.lock. Run 'pod install' or update your CocoaPods installation.\" >&2\n    exit 1\nfi\n# This output is used by Xcode 'outputs' to avoid re-running this script phase.\necho \"SUCCESS\" > \"${SCRIPT_OUTPUT_FILE_0}\"\n";
			showEnvVarsInLog = 0;
		};
/* End PBXShellScriptBuildPhase section */

/* Begin PBXSourcesBuildPhase section */
		239B46E62733CDBF002FB120 /* Sources */ = {
			isa = PBXSourcesBuildPhase;
			buildActionMask = 2147483647;
			files = (
				239B470427340E21002FB120 /* CreateAccountForm.swift in Sources */,
				239B46F02733CDBF002FB120 /* ContentView.swift in Sources */,
				239B47002733E6DA002FB120 /* LaunchView.swift in Sources */,
				239B46EE2733CDBF002FB120 /* Firebase_Auth_DemoApp.swift in Sources */,
				239B47022733F847002FB120 /* LoginForm.swift in Sources */,
			);
			runOnlyForDeploymentPostprocessing = 0;
		};
/* End PBXSourcesBuildPhase section */

/* Begin XCBuildConfiguration section */
		239B46F62733CDC0002FB120 /* Debug */ = {
			isa = XCBuildConfiguration;
			buildSettings = {
				ALWAYS_SEARCH_USER_PATHS = NO;
				CLANG_ANALYZER_NONNULL = YES;
				CLANG_ANALYZER_NUMBER_OBJECT_CONVERSION = YES_AGGRESSIVE;
				CLANG_CXX_LANGUAGE_STANDARD = "gnu++17";
				CLANG_CXX_LIBRARY = "libc++";
				CLANG_ENABLE_MODULES = YES;
				CLANG_ENABLE_OBJC_ARC = YES;
				CLANG_ENABLE_OBJC_WEAK = YES;
				CLANG_WARN_BLOCK_CAPTURE_AUTORELEASING = YES;
				CLANG_WARN_BOOL_CONVERSION = YES;
				CLANG_WARN_COMMA = YES;
				CLANG_WARN_CONSTANT_CONVERSION = YES;
				CLANG_WARN_DEPRECATED_OBJC_IMPLEMENTATIONS = YES;
				CLANG_WARN_DIRECT_OBJC_ISA_USAGE = YES_ERROR;
				CLANG_WARN_DOCUMENTATION_COMMENTS = YES;
				CLANG_WARN_EMPTY_BODY = YES;
				CLANG_WARN_ENUM_CONVERSION = YES;
				CLANG_WARN_INFINITE_RECURSION = YES;
				CLANG_WARN_INT_CONVERSION = YES;
				CLANG_WARN_NON_LITERAL_NULL_CONVERSION = YES;
				CLANG_WARN_OBJC_IMPLICIT_RETAIN_SELF = YES;
				CLANG_WARN_OBJC_LITERAL_CONVERSION = YES;
				CLANG_WARN_OBJC_ROOT_CLASS = YES_ERROR;
				CLANG_WARN_QUOTED_INCLUDE_IN_FRAMEWORK_HEADER = YES;
				CLANG_WARN_RANGE_LOOP_ANALYSIS = YES;
				CLANG_WARN_STRICT_PROTOTYPES = YES;
				CLANG_WARN_SUSPICIOUS_MOVE = YES;
				CLANG_WARN_UNGUARDED_AVAILABILITY = YES_AGGRESSIVE;
				CLANG_WARN_UNREACHABLE_CODE = YES;
				CLANG_WARN__DUPLICATE_METHOD_MATCH = YES;
				COPY_PHASE_STRIP = NO;
				DEBUG_INFORMATION_FORMAT = dwarf;
				ENABLE_STRICT_OBJC_MSGSEND = YES;
				ENABLE_TESTABILITY = YES;
				GCC_C_LANGUAGE_STANDARD = gnu11;
				GCC_DYNAMIC_NO_PIC = NO;
				GCC_NO_COMMON_BLOCKS = YES;
				GCC_OPTIMIZATION_LEVEL = 0;
				GCC_PREPROCESSOR_DEFINITIONS = (
					"DEBUG=1",
					"$(inherited)",
				);
				GCC_WARN_64_TO_32_BIT_CONVERSION = YES;
				GCC_WARN_ABOUT_RETURN_TYPE = YES_ERROR;
				GCC_WARN_UNDECLARED_SELECTOR = YES;
				GCC_WARN_UNINITIALIZED_AUTOS = YES_AGGRESSIVE;
				GCC_WARN_UNUSED_FUNCTION = YES;
				GCC_WARN_UNUSED_VARIABLE = YES;
				IPHONEOS_DEPLOYMENT_TARGET = 15.0;
				MTL_ENABLE_DEBUG_INFO = INCLUDE_SOURCE;
				MTL_FAST_MATH = YES;
				ONLY_ACTIVE_ARCH = YES;
				SDKROOT = iphoneos;
				SWIFT_ACTIVE_COMPILATION_CONDITIONS = DEBUG;
				SWIFT_OPTIMIZATION_LEVEL = "-Onone";
			};
			name = Debug;
		};
		239B46F72733CDC0002FB120 /* Release */ = {
			isa = XCBuildConfiguration;
			buildSettings = {
				ALWAYS_SEARCH_USER_PATHS = NO;
				CLANG_ANALYZER_NONNULL = YES;
				CLANG_ANALYZER_NUMBER_OBJECT_CONVERSION = YES_AGGRESSIVE;
				CLANG_CXX_LANGUAGE_STANDARD = "gnu++17";
				CLANG_CXX_LIBRARY = "libc++";
				CLANG_ENABLE_MODULES = YES;
				CLANG_ENABLE_OBJC_ARC = YES;
				CLANG_ENABLE_OBJC_WEAK = YES;
				CLANG_WARN_BLOCK_CAPTURE_AUTORELEASING = YES;
				CLANG_WARN_BOOL_CONVERSION = YES;
				CLANG_WARN_COMMA = YES;
				CLANG_WARN_CONSTANT_CONVERSION = YES;
				CLANG_WARN_DEPRECATED_OBJC_IMPLEMENTATIONS = YES;
				CLANG_WARN_DIRECT_OBJC_ISA_USAGE = YES_ERROR;
				CLANG_WARN_DOCUMENTATION_COMMENTS = YES;
				CLANG_WARN_EMPTY_BODY = YES;
				CLANG_WARN_ENUM_CONVERSION = YES;
				CLANG_WARN_INFINITE_RECURSION = YES;
				CLANG_WARN_INT_CONVERSION = YES;
				CLANG_WARN_NON_LITERAL_NULL_CONVERSION = YES;
				CLANG_WARN_OBJC_IMPLICIT_RETAIN_SELF = YES;
				CLANG_WARN_OBJC_LITERAL_CONVERSION = YES;
				CLANG_WARN_OBJC_ROOT_CLASS = YES_ERROR;
				CLANG_WARN_QUOTED_INCLUDE_IN_FRAMEWORK_HEADER = YES;
				CLANG_WARN_RANGE_LOOP_ANALYSIS = YES;
				CLANG_WARN_STRICT_PROTOTYPES = YES;
				CLANG_WARN_SUSPICIOUS_MOVE = YES;
				CLANG_WARN_UNGUARDED_AVAILABILITY = YES_AGGRESSIVE;
				CLANG_WARN_UNREACHABLE_CODE = YES;
				CLANG_WARN__DUPLICATE_METHOD_MATCH = YES;
				COPY_PHASE_STRIP = NO;
				DEBUG_INFORMATION_FORMAT = "dwarf-with-dsym";
				ENABLE_NS_ASSERTIONS = NO;
				ENABLE_STRICT_OBJC_MSGSEND = YES;
				GCC_C_LANGUAGE_STANDARD = gnu11;
				GCC_NO_COMMON_BLOCKS = YES;
				GCC_WARN_64_TO_32_BIT_CONVERSION = YES;
				GCC_WARN_ABOUT_RETURN_TYPE = YES_ERROR;
				GCC_WARN_UNDECLARED_SELECTOR = YES;
				GCC_WARN_UNINITIALIZED_AUTOS = YES_AGGRESSIVE;
				GCC_WARN_UNUSED_FUNCTION = YES;
				GCC_WARN_UNUSED_VARIABLE = YES;
				IPHONEOS_DEPLOYMENT_TARGET = 15.0;
				MTL_ENABLE_DEBUG_INFO = NO;
				MTL_FAST_MATH = YES;
				SDKROOT = iphoneos;
				SWIFT_COMPILATION_MODE = wholemodule;
				SWIFT_OPTIMIZATION_LEVEL = "-O";
				VALIDATE_PRODUCT = YES;
			};
			name = Release;
		};
		239B46F92733CDC0002FB120 /* Debug */ = {
			isa = XCBuildConfiguration;
			baseConfigurationReference = FB99C0E7CE89107437E68545 /* Pods-Firebase Auth Demo.debug.xcconfig */;
			buildSettings = {
				ASSETCATALOG_COMPILER_APPICON_NAME = AppIcon;
				ASSETCATALOG_COMPILER_GLOBAL_ACCENT_COLOR_NAME = AccentColor;
				CODE_SIGN_STYLE = Automatic;
				CURRENT_PROJECT_VERSION = 1;
				DEVELOPMENT_ASSET_PATHS = "\"Firebase Auth Demo/Preview Content\"";
				DEVELOPMENT_TEAM = BD7Y2B4ZKU;
				ENABLE_PREVIEWS = YES;
				GENERATE_INFOPLIST_FILE = YES;
				INFOPLIST_KEY_UIApplicationSceneManifest_Generation = YES;
				INFOPLIST_KEY_UIApplicationSupportsIndirectInputEvents = YES;
				INFOPLIST_KEY_UILaunchScreen_Generation = YES;
				INFOPLIST_KEY_UISupportedInterfaceOrientations_iPad = "UIInterfaceOrientationPortrait UIInterfaceOrientationPortraitUpsideDown UIInterfaceOrientationLandscapeLeft UIInterfaceOrientationLandscapeRight";
				INFOPLIST_KEY_UISupportedInterfaceOrientations_iPhone = "UIInterfaceOrientationPortrait UIInterfaceOrientationLandscapeLeft UIInterfaceOrientationLandscapeRight";
				LD_RUNPATH_SEARCH_PATHS = (
					"$(inherited)",
					"@executable_path/Frameworks",
				);
				MARKETING_VERSION = 1.0;
				PRODUCT_BUNDLE_IDENTIFIER = "mmh.Firebase-Auth-Demo";
				PRODUCT_NAME = "$(TARGET_NAME)";
				SWIFT_EMIT_LOC_STRINGS = YES;
				SWIFT_VERSION = 5.0;
				TARGETED_DEVICE_FAMILY = "1,2";
			};
			name = Debug;
		};
		239B46FA2733CDC0002FB120 /* Release */ = {
			isa = XCBuildConfiguration;
			baseConfigurationReference = 8EB36B3B8A2CB2C8B46D5E73 /* Pods-Firebase Auth Demo.release.xcconfig */;
			buildSettings = {
				ASSETCATALOG_COMPILER_APPICON_NAME = AppIcon;
				ASSETCATALOG_COMPILER_GLOBAL_ACCENT_COLOR_NAME = AccentColor;
				CODE_SIGN_STYLE = Automatic;
				CURRENT_PROJECT_VERSION = 1;
				DEVELOPMENT_ASSET_PATHS = "\"Firebase Auth Demo/Preview Content\"";
				DEVELOPMENT_TEAM = BD7Y2B4ZKU;
				ENABLE_PREVIEWS = YES;
				GENERATE_INFOPLIST_FILE = YES;
				INFOPLIST_KEY_UIApplicationSceneManifest_Generation = YES;
				INFOPLIST_KEY_UIApplicationSupportsIndirectInputEvents = YES;
				INFOPLIST_KEY_UILaunchScreen_Generation = YES;
				INFOPLIST_KEY_UISupportedInterfaceOrientations_iPad = "UIInterfaceOrientationPortrait UIInterfaceOrientationPortraitUpsideDown UIInterfaceOrientationLandscapeLeft UIInterfaceOrientationLandscapeRight";
				INFOPLIST_KEY_UISupportedInterfaceOrientations_iPhone = "UIInterfaceOrientationPortrait UIInterfaceOrientationLandscapeLeft UIInterfaceOrientationLandscapeRight";
				LD_RUNPATH_SEARCH_PATHS = (
					"$(inherited)",
					"@executable_path/Frameworks",
				);
				MARKETING_VERSION = 1.0;
				PRODUCT_BUNDLE_IDENTIFIER = "mmh.Firebase-Auth-Demo";
				PRODUCT_NAME = "$(TARGET_NAME)";
				SWIFT_EMIT_LOC_STRINGS = YES;
				SWIFT_VERSION = 5.0;
				TARGETED_DEVICE_FAMILY = "1,2";
			};
			name = Release;
		};
/* End XCBuildConfiguration section */

/* Begin XCConfigurationList section */
		239B46E52733CDBF002FB120 /* Build configuration list for PBXProject "Firebase Auth Demo" */ = {
			isa = XCConfigurationList;
			buildConfigurations = (
				239B46F62733CDC0002FB120 /* Debug */,
				239B46F72733CDC0002FB120 /* Release */,
			);
			defaultConfigurationIsVisible = 0;
			defaultConfigurationName = Release;
		};
		239B46F82733CDC0002FB120 /* Build configuration list for PBXNativeTarget "Firebase Auth Demo" */ = {
			isa = XCConfigurationList;
			buildConfigurations = (
				239B46F92733CDC0002FB120 /* Debug */,
				239B46FA2733CDC0002FB120 /* Release */,
			);
			defaultConfigurationIsVisible = 0;
			defaultConfigurationName = Release;
		};
/* End XCConfigurationList section */
	};
	rootObject = 239B46E22733CDBF002FB120 /* Project object */;
}
